
Microsoft Visual Studio Solution File, Format Version 12.00
# Visual Studio Version 17
VisualStudioVersion = 17.7.34202.233
MinimumVisualStudioVersion = 10.0.40219.1
Project("{9A19103F-16F7-4668-BE54-9A1E7A4F7556}") = "ConsoleAppProject", "ConsoleAppProject\ConsoleAppProject.csproj", "{9E811735-08A1-4E51-97DF-C85F53868E8C}"
EndProject
Project("{9A19103F-16F7-4668-BE54-9A1E7A4F7556}") = "PWNunit", "PWNunit\PWNunit.csproj", "{52A6F01A-AEFB-462B-B336-35D60917359D}"
EndProject
Project("{9A19103F-16F7-4668-BE54-9A1E7A4F7556}") = "PWPOM", "PWPOM\PWPOM.csproj", "{FD6ED51D-7167-4CC4-BFD0-903D07CC304E}"
EndProject
Project("{FAE04EC0-301F-11D3-BF4B-00C04F79EFBC}") = "AssignmentPW", "AssignmentPW\AssignmentPW.csproj", "{799EDA26-5264-4605-9D48-67C6FF2F643D}"
EndProject
Global
	GlobalSection(SolutionConfigurationPlatforms) = preSolution
		Debug|Any CPU = Debug|Any CPU
		Release|Any CPU = Release|Any CPU
	EndGlobalSection
	GlobalSection(ProjectConfigurationPlatforms) = postSolution
		{9E811735-08A1-4E51-97DF-C85F53868E8C}.Debug|Any CPU.ActiveCfg = Debug|Any CPU
		{9E811735-08A1-4E51-97DF-C85F53868E8C}.Debug|Any CPU.Build.0 = Debug|Any CPU
		{9E811735-08A1-4E51-97DF-C85F53868E8C}.Release|Any CPU.ActiveCfg = Release|Any CPU
		{9E811735-08A1-4E51-97DF-C85F53868E8C}.Release|Any CPU.Build.0 = Release|Any CPU
		{52A6F01A-AEFB-462B-B336-35D60917359D}.Debug|Any CPU.ActiveCfg = Debug|Any CPU
		{52A6F01A-AEFB-462B-B336-35D60917359D}.Debug|Any CPU.Build.0 = Debug|Any CPU
		{52A6F01A-AEFB-462B-B336-35D60917359D}.Release|Any CPU.ActiveCfg = Release|Any CPU
		{52A6F01A-AEFB-462B-B336-35D60917359D}.Release|Any CPU.Build.0 = Release|Any CPU
		{FD6ED51D-7167-4CC4-BFD0-903D07CC304E}.Debug|Any CPU.ActiveCfg = Debug|Any CPU
		{FD6ED51D-7167-4CC4-BFD0-903D07CC304E}.Debug|Any CPU.Build.0 = Debug|Any CPU
		{FD6ED51D-7167-4CC4-BFD0-903D07CC304E}.Release|Any CPU.ActiveCfg = Release|Any CPU
		{FD6ED51D-7167-4CC4-BFD0-903D07CC304E}.Release|Any CPU.Build.0 = Release|Any CPU
		{799EDA26-5264-4605-9D48-67C6FF2F643D}.Debug|Any CPU.ActiveCfg = Debug|Any CPU
		{799EDA26-5264-4605-9D48-67C6FF2F643D}.Debug|Any CPU.Build.0 = Debug|Any CPU
		{799EDA26-5264-4605-9D48-67C6FF2F643D}.Release|Any CPU.ActiveCfg = Release|Any CPU
		{799EDA26-5264-4605-9D48-67C6FF2F643D}.Release|Any CPU.Build.0 = Release|Any CPU
	EndGlobalSection
	GlobalSection(SolutionProperties) = preSolution
		HideSolutionNode = FALSE
	EndGlobalSection
	GlobalSection(ExtensibilityGlobals) = postSolution
		SolutionGuid = {E33354B5-1073-4A3D-BE96-13BE62037E22}
	EndGlobalSection
EndGlobal
